
Microsoft Visual Studio Solution File, Format Version 12.00
# Visual Studio Version 17
VisualStudioVersion = 17.11.35222.181
MinimumVisualStudioVersion = 10.0.40219.1
Project("{FAE04EC0-301F-11D3-BF4B-00C04F79EFBC}") = "factorial inclass test", "factorial inclass test\factorial inclass test.csproj", "{7DAEF60A-1E3A-4D3C-AFCA-A83FE6E27FBB}"
EndProject
Global
	GlobalSection(SolutionConfigurationPlatforms) = preSolution
		Debug|Any CPU = Debug|Any CPU
		Release|Any CPU = Release|Any CPU
	EndGlobalSection
	GlobalSection(ProjectConfigurationPlatforms) = postSolution
		{7DAEF60A-1E3A-4D3C-AFCA-A83FE6E27FBB}.Debug|Any CPU.ActiveCfg = Debug|Any CPU
		{7DAEF60A-1E3A-4D3C-AFCA-A83FE6E27FBB}.Debug|Any CPU.Build.0 = Debug|Any CPU
		{7DAEF60A-1E3A-4D3C-AFCA-A83FE6E27FBB}.Release|Any CPU.ActiveCfg = Release|Any CPU
		{7DAEF60A-1E3A-4D3C-AFCA-A83FE6E27FBB}.Release|Any CPU.Build.0 = Release|Any CPU
	EndGlobalSection
	GlobalSection(SolutionProperties) = preSolution
		HideSolutionNode = FALSE
	EndGlobalSection
	GlobalSection(ExtensibilityGlobals) = postSolution
		SolutionGuid = {848454E7-7623-48B0-957C-0204FD36258C}
	EndGlobalSection
EndGlobal
