
Microsoft Visual Studio Solution File, Format Version 12.00
# Visual Studio Version 17
VisualStudioVersion = 17.11.35219.272
MinimumVisualStudioVersion = 10.0.40219.1
Project("{FAE04EC0-301F-11D3-BF4B-00C04F79EFBC}") = "Tutorial 1", "Tutorial 1\Tutorial 1.csproj", "{E9A06E70-E259-4B5B-983C-48429A6F009B}"
EndProject
Global
	GlobalSection(SolutionConfigurationPlatforms) = preSolution
		Debug|Any CPU = Debug|Any CPU
		Release|Any CPU = Release|Any CPU
	EndGlobalSection
	GlobalSection(ProjectConfigurationPlatforms) = postSolution
		{E9A06E70-E259-4B5B-983C-48429A6F009B}.Debug|Any CPU.ActiveCfg = Debug|Any CPU
		{E9A06E70-E259-4B5B-983C-48429A6F009B}.Debug|Any CPU.Build.0 = Debug|Any CPU
		{E9A06E70-E259-4B5B-983C-48429A6F009B}.Release|Any CPU.ActiveCfg = Release|Any CPU
		{E9A06E70-E259-4B5B-983C-48429A6F009B}.Release|Any CPU.Build.0 = Release|Any CPU
	EndGlobalSection
	GlobalSection(SolutionProperties) = preSolution
		HideSolutionNode = FALSE
	EndGlobalSection
	GlobalSection(ExtensibilityGlobals) = postSolution
		SolutionGuid = {D1867329-0EDC-4B27-912D-40D34D232444}
	EndGlobalSection
EndGlobal
