
Microsoft Visual Studio Solution File, Format Version 12.00
# Visual Studio Version 17
VisualStudioVersion = 17.11.35222.181
MinimumVisualStudioVersion = 10.0.40219.1
Project("{FAE04EC0-301F-11D3-BF4B-00C04F79EFBC}") = "Project1", "Project1\Project1.csproj", "{56509BFF-3389-4DB0-BE27-9164C7AF5DC4}"
EndProject
Global
	GlobalSection(SolutionConfigurationPlatforms) = preSolution
		Debug|Any CPU = Debug|Any CPU
		Release|Any CPU = Release|Any CPU
	EndGlobalSection
	GlobalSection(ProjectConfigurationPlatforms) = postSolution
		{56509BFF-3389-4DB0-BE27-9164C7AF5DC4}.Debug|Any CPU.ActiveCfg = Debug|Any CPU
		{56509BFF-3389-4DB0-BE27-9164C7AF5DC4}.Debug|Any CPU.Build.0 = Debug|Any CPU
		{56509BFF-3389-4DB0-BE27-9164C7AF5DC4}.Release|Any CPU.ActiveCfg = Release|Any CPU
		{56509BFF-3389-4DB0-BE27-9164C7AF5DC4}.Release|Any CPU.Build.0 = Release|Any CPU
	EndGlobalSection
	GlobalSection(SolutionProperties) = preSolution
		HideSolutionNode = FALSE
	EndGlobalSection
	GlobalSection(ExtensibilityGlobals) = postSolution
		SolutionGuid = {0C0DB199-E671-4ECB-B118-C195E395D4C7}
	EndGlobalSection
EndGlobal
