
Microsoft Visual Studio Solution File, Format Version 12.00
# Visual Studio Version 17
VisualStudioVersion = 17.11.35222.181
MinimumVisualStudioVersion = 10.0.40219.1
Project("{FAE04EC0-301F-11D3-BF4B-00C04F79EFBC}") = "inclass excercise", "inclass excercise\inclass excercise.csproj", "{7B1A750B-4499-4E1F-A556-701EE64ABCFB}"
EndProject
Global
	GlobalSection(SolutionConfigurationPlatforms) = preSolution
		Debug|Any CPU = Debug|Any CPU
		Release|Any CPU = Release|Any CPU
	EndGlobalSection
	GlobalSection(ProjectConfigurationPlatforms) = postSolution
		{7B1A750B-4499-4E1F-A556-701EE64ABCFB}.Debug|Any CPU.ActiveCfg = Debug|Any CPU
		{7B1A750B-4499-4E1F-A556-701EE64ABCFB}.Debug|Any CPU.Build.0 = Debug|Any CPU
		{7B1A750B-4499-4E1F-A556-701EE64ABCFB}.Release|Any CPU.ActiveCfg = Release|Any CPU
		{7B1A750B-4499-4E1F-A556-701EE64ABCFB}.Release|Any CPU.Build.0 = Release|Any CPU
	EndGlobalSection
	GlobalSection(SolutionProperties) = preSolution
		HideSolutionNode = FALSE
	EndGlobalSection
	GlobalSection(ExtensibilityGlobals) = postSolution
		SolutionGuid = {FEE367C8-2F29-49F0-AAB9-EEDA36C3BB9D}
	EndGlobalSection
EndGlobal
